
Microsoft Visual Studio Solution File, Format Version 12.00
# Visual Studio Version 17
VisualStudioVersion = 17.3.32929.385
MinimumVisualStudioVersion = 10.0.40219.1
Project("{FAE04EC0-301F-11D3-BF4B-00C04F79EFBC}") = "CourseWorkAdmin", "CourseWorkAdmin.csproj", "{256BCEC8-BD9A-40A1-9C75-6D0022035CD3}"
EndProject
Global
	GlobalSection(SolutionConfigurationPlatforms) = preSolution
		Debug|Any CPU = Debug|Any CPU
		Release|Any CPU = Release|Any CPU
	EndGlobalSection
	GlobalSection(ProjectConfigurationPlatforms) = postSolution
		{256BCEC8-BD9A-40A1-9C75-6D0022035CD3}.Debug|Any CPU.ActiveCfg = Debug|Any CPU
		{256BCEC8-BD9A-40A1-9C75-6D0022035CD3}.Debug|Any CPU.Build.0 = Debug|Any CPU
		{256BCEC8-BD9A-40A1-9C75-6D0022035CD3}.Release|Any CPU.ActiveCfg = Release|Any CPU
		{256BCEC8-BD9A-40A1-9C75-6D0022035CD3}.Release|Any CPU.Build.0 = Release|Any CPU
	EndGlobalSection
	GlobalSection(SolutionProperties) = preSolution
		HideSolutionNode = FALSE
	EndGlobalSection
	GlobalSection(ExtensibilityGlobals) = postSolution
		SolutionGuid = {8E40B445-1164-4E13-BE01-1E998AA4FF0D}
	EndGlobalSection
EndGlobal
